
Microsoft Visual Studio Solution File, Format Version 12.00
# Visual Studio 2012
Project("{FAE04EC0-301F-11D3-BF4B-00C04F79EFBC}") = "Progas.Portal.Domain", "Progas.Portal.Domain\Progas.Portal.Domain.csproj", "{2B790B52-C827-486C-B871-1392CFAD1C48}"
EndProject
Project("{FAE04EC0-301F-11D3-BF4B-00C04F79EFBC}") = "Progas.Portal.ViewModel", "Progas.Portal.ViewModel\Progas.Portal.ViewModel.csproj", "{01C438CD-9055-4299-9F5C-A4086EE1CC00}"
EndProject
Project("{FAE04EC0-301F-11D3-BF4B-00C04F79EFBC}") = "Progas.Portal.Infra", "Progas.Portal.Infra\Progas.Portal.Infra.csproj", "{77402211-516B-4CF9-A328-420B5A8854A7}"
EndProject
Project("{FAE04EC0-301F-11D3-BF4B-00C04F79EFBC}") = "Progas.Portal.IoC", "Progas.Portal.IoC\Progas.Portal.IoC.csproj", "{88D87599-D462-4902-8D0B-6348AB8CC620}"
EndProject
Project("{FAE04EC0-301F-11D3-BF4B-00C04F79EFBC}") = "Progas.Portal.Common", "Progas.Portal.Common\Progas.Portal.Common.csproj", "{52496AC5-D00F-4AE4-84B9-06AD65DADB47}"
EndProject
Project("{FAE04EC0-301F-11D3-BF4B-00C04F79EFBC}") = "MyServerHandler", "Portal.DadosSap\MyServerHandler.csproj", "{3C655C6D-E301-41FC-8E37-3E589FD6DE9F}"
EndProject
Project("{FAE04EC0-301F-11D3-BF4B-00C04F79EFBC}") = "Progas.Portal.Application", "Progas.Portal.Application\Progas.Portal.Application.csproj", "{A2DA2E00-3386-4EC4-8D95-D98C5052F636}"
EndProject
Project("{FAE04EC0-301F-11D3-BF4B-00C04F79EFBC}") = "Progas.Portal.UI", "Progas.Portal.UI\Progas.Portal.UI.csproj", "{ADF235AC-A253-430D-B311-56D46157E3CF}"
EndProject
Global
	GlobalSection(SolutionConfigurationPlatforms) = preSolution
		Debug|Any CPU = Debug|Any CPU
		Debug|x64 = Debug|x64
		Debug|x86 = Debug|x86
		Release|Any CPU = Release|Any CPU
		Release|x64 = Release|x64
		Release|x86 = Release|x86
	EndGlobalSection
	GlobalSection(ProjectConfigurationPlatforms) = postSolution
		{2B790B52-C827-486C-B871-1392CFAD1C48}.Debug|Any CPU.ActiveCfg = Debug|Any CPU
		{2B790B52-C827-486C-B871-1392CFAD1C48}.Debug|Any CPU.Build.0 = Debug|Any CPU
		{2B790B52-C827-486C-B871-1392CFAD1C48}.Debug|x64.ActiveCfg = Debug|x86
		{2B790B52-C827-486C-B871-1392CFAD1C48}.Debug|x64.Build.0 = Debug|x86
		{2B790B52-C827-486C-B871-1392CFAD1C48}.Debug|x86.ActiveCfg = Debug|x86
		{2B790B52-C827-486C-B871-1392CFAD1C48}.Debug|x86.Build.0 = Debug|x86
		{2B790B52-C827-486C-B871-1392CFAD1C48}.Release|Any CPU.ActiveCfg = Release|Any CPU
		{2B790B52-C827-486C-B871-1392CFAD1C48}.Release|Any CPU.Build.0 = Release|Any CPU
		{2B790B52-C827-486C-B871-1392CFAD1C48}.Release|x64.ActiveCfg = Release|x64
		{2B790B52-C827-486C-B871-1392CFAD1C48}.Release|x64.Build.0 = Release|x64
		{2B790B52-C827-486C-B871-1392CFAD1C48}.Release|x86.ActiveCfg = Release|x86
		{2B790B52-C827-486C-B871-1392CFAD1C48}.Release|x86.Build.0 = Release|x86
		{01C438CD-9055-4299-9F5C-A4086EE1CC00}.Debug|Any CPU.ActiveCfg = Debug|Any CPU
		{01C438CD-9055-4299-9F5C-A4086EE1CC00}.Debug|Any CPU.Build.0 = Debug|Any CPU
		{01C438CD-9055-4299-9F5C-A4086EE1CC00}.Debug|x64.ActiveCfg = Debug|x86
		{01C438CD-9055-4299-9F5C-A4086EE1CC00}.Debug|x64.Build.0 = Debug|x86
		{01C438CD-9055-4299-9F5C-A4086EE1CC00}.Debug|x86.ActiveCfg = Debug|x86
		{01C438CD-9055-4299-9F5C-A4086EE1CC00}.Debug|x86.Build.0 = Debug|x86
		{01C438CD-9055-4299-9F5C-A4086EE1CC00}.Release|Any CPU.ActiveCfg = Release|Any CPU
		{01C438CD-9055-4299-9F5C-A4086EE1CC00}.Release|Any CPU.Build.0 = Release|Any CPU
		{01C438CD-9055-4299-9F5C-A4086EE1CC00}.Release|x64.ActiveCfg = Release|x64
		{01C438CD-9055-4299-9F5C-A4086EE1CC00}.Release|x64.Build.0 = Release|x64
		{01C438CD-9055-4299-9F5C-A4086EE1CC00}.Release|x86.ActiveCfg = Release|x86
		{01C438CD-9055-4299-9F5C-A4086EE1CC00}.Release|x86.Build.0 = Release|x86
		{77402211-516B-4CF9-A328-420B5A8854A7}.Debug|Any CPU.ActiveCfg = Debug|Any CPU
		{77402211-516B-4CF9-A328-420B5A8854A7}.Debug|Any CPU.Build.0 = Debug|Any CPU
		{77402211-516B-4CF9-A328-420B5A8854A7}.Debug|x64.ActiveCfg = Debug|x86
		{77402211-516B-4CF9-A328-420B5A8854A7}.Debug|x64.Build.0 = Debug|x86
		{77402211-516B-4CF9-A328-420B5A8854A7}.Debug|x86.ActiveCfg = Debug|x86
		{77402211-516B-4CF9-A328-420B5A8854A7}.Debug|x86.Build.0 = Debug|x86
		{77402211-516B-4CF9-A328-420B5A8854A7}.Release|Any CPU.ActiveCfg = Release|Any CPU
		{77402211-516B-4CF9-A328-420B5A8854A7}.Release|Any CPU.Build.0 = Release|Any CPU
		{77402211-516B-4CF9-A328-420B5A8854A7}.Release|x64.ActiveCfg = Release|x64
		{77402211-516B-4CF9-A328-420B5A8854A7}.Release|x64.Build.0 = Release|x64
		{77402211-516B-4CF9-A328-420B5A8854A7}.Release|x86.ActiveCfg = Release|x86
		{77402211-516B-4CF9-A328-420B5A8854A7}.Release|x86.Build.0 = Release|x86
		{88D87599-D462-4902-8D0B-6348AB8CC620}.Debug|Any CPU.ActiveCfg = Debug|Any CPU
		{88D87599-D462-4902-8D0B-6348AB8CC620}.Debug|Any CPU.Build.0 = Debug|Any CPU
		{88D87599-D462-4902-8D0B-6348AB8CC620}.Debug|x64.ActiveCfg = Debug|x86
		{88D87599-D462-4902-8D0B-6348AB8CC620}.Debug|x64.Build.0 = Debug|x86
		{88D87599-D462-4902-8D0B-6348AB8CC620}.Debug|x86.ActiveCfg = Debug|x86
		{88D87599-D462-4902-8D0B-6348AB8CC620}.Debug|x86.Build.0 = Debug|x86
		{88D87599-D462-4902-8D0B-6348AB8CC620}.Release|Any CPU.ActiveCfg = Release|Any CPU
		{88D87599-D462-4902-8D0B-6348AB8CC620}.Release|Any CPU.Build.0 = Release|Any CPU
		{88D87599-D462-4902-8D0B-6348AB8CC620}.Release|x64.ActiveCfg = Release|x64
		{88D87599-D462-4902-8D0B-6348AB8CC620}.Release|x64.Build.0 = Release|x64
		{88D87599-D462-4902-8D0B-6348AB8CC620}.Release|x86.ActiveCfg = Release|x86
		{88D87599-D462-4902-8D0B-6348AB8CC620}.Release|x86.Build.0 = Release|x86
		{52496AC5-D00F-4AE4-84B9-06AD65DADB47}.Debug|Any CPU.ActiveCfg = Debug|Any CPU
		{52496AC5-D00F-4AE4-84B9-06AD65DADB47}.Debug|Any CPU.Build.0 = Debug|Any CPU
		{52496AC5-D00F-4AE4-84B9-06AD65DADB47}.Debug|x64.ActiveCfg = Debug|x86
		{52496AC5-D00F-4AE4-84B9-06AD65DADB47}.Debug|x64.Build.0 = Debug|x86
		{52496AC5-D00F-4AE4-84B9-06AD65DADB47}.Debug|x86.ActiveCfg = Debug|x86
		{52496AC5-D00F-4AE4-84B9-06AD65DADB47}.Debug|x86.Build.0 = Debug|x86
		{52496AC5-D00F-4AE4-84B9-06AD65DADB47}.Release|Any CPU.ActiveCfg = Release|Any CPU
		{52496AC5-D00F-4AE4-84B9-06AD65DADB47}.Release|Any CPU.Build.0 = Release|Any CPU
		{52496AC5-D00F-4AE4-84B9-06AD65DADB47}.Release|x64.ActiveCfg = Release|x64
		{52496AC5-D00F-4AE4-84B9-06AD65DADB47}.Release|x64.Build.0 = Release|x64
		{52496AC5-D00F-4AE4-84B9-06AD65DADB47}.Release|x86.ActiveCfg = Release|x86
		{52496AC5-D00F-4AE4-84B9-06AD65DADB47}.Release|x86.Build.0 = Release|x86
		{3C655C6D-E301-41FC-8E37-3E589FD6DE9F}.Debug|Any CPU.ActiveCfg = Debug|Any CPU
		{3C655C6D-E301-41FC-8E37-3E589FD6DE9F}.Debug|Any CPU.Build.0 = Debug|Any CPU
		{3C655C6D-E301-41FC-8E37-3E589FD6DE9F}.Debug|x64.ActiveCfg = Debug|x64
		{3C655C6D-E301-41FC-8E37-3E589FD6DE9F}.Debug|x64.Build.0 = Debug|x64
		{3C655C6D-E301-41FC-8E37-3E589FD6DE9F}.Debug|x86.ActiveCfg = Debug|x86
		{3C655C6D-E301-41FC-8E37-3E589FD6DE9F}.Debug|x86.Build.0 = Debug|x86
		{3C655C6D-E301-41FC-8E37-3E589FD6DE9F}.Release|Any CPU.ActiveCfg = Release|Any CPU
		{3C655C6D-E301-41FC-8E37-3E589FD6DE9F}.Release|Any CPU.Build.0 = Release|Any CPU
		{3C655C6D-E301-41FC-8E37-3E589FD6DE9F}.Release|x64.ActiveCfg = Release|x64
		{3C655C6D-E301-41FC-8E37-3E589FD6DE9F}.Release|x64.Build.0 = Release|x64
		{3C655C6D-E301-41FC-8E37-3E589FD6DE9F}.Release|x86.ActiveCfg = Release|x86
		{3C655C6D-E301-41FC-8E37-3E589FD6DE9F}.Release|x86.Build.0 = Release|x86
		{A2DA2E00-3386-4EC4-8D95-D98C5052F636}.Debug|Any CPU.ActiveCfg = Debug|Any CPU
		{A2DA2E00-3386-4EC4-8D95-D98C5052F636}.Debug|Any CPU.Build.0 = Debug|Any CPU
		{A2DA2E00-3386-4EC4-8D95-D98C5052F636}.Debug|x64.ActiveCfg = Debug|x86
		{A2DA2E00-3386-4EC4-8D95-D98C5052F636}.Debug|x64.Build.0 = Debug|x86
		{A2DA2E00-3386-4EC4-8D95-D98C5052F636}.Debug|x86.ActiveCfg = Debug|x86
		{A2DA2E00-3386-4EC4-8D95-D98C5052F636}.Debug|x86.Build.0 = Debug|x86
		{A2DA2E00-3386-4EC4-8D95-D98C5052F636}.Release|Any CPU.ActiveCfg = Release|Any CPU
		{A2DA2E00-3386-4EC4-8D95-D98C5052F636}.Release|Any CPU.Build.0 = Release|Any CPU
		{A2DA2E00-3386-4EC4-8D95-D98C5052F636}.Release|x64.ActiveCfg = Release|x64
		{A2DA2E00-3386-4EC4-8D95-D98C5052F636}.Release|x64.Build.0 = Release|x64
		{A2DA2E00-3386-4EC4-8D95-D98C5052F636}.Release|x86.ActiveCfg = Release|x86
		{A2DA2E00-3386-4EC4-8D95-D98C5052F636}.Release|x86.Build.0 = Release|x86
		{ADF235AC-A253-430D-B311-56D46157E3CF}.Debug|Any CPU.ActiveCfg = Debug|Any CPU
		{ADF235AC-A253-430D-B311-56D46157E3CF}.Debug|Any CPU.Build.0 = Debug|Any CPU
		{ADF235AC-A253-430D-B311-56D46157E3CF}.Debug|x64.ActiveCfg = Debug|x86
		{ADF235AC-A253-430D-B311-56D46157E3CF}.Debug|x64.Build.0 = Debug|x86
		{ADF235AC-A253-430D-B311-56D46157E3CF}.Debug|x86.ActiveCfg = Debug|x86
		{ADF235AC-A253-430D-B311-56D46157E3CF}.Debug|x86.Build.0 = Debug|x86
		{ADF235AC-A253-430D-B311-56D46157E3CF}.Release|Any CPU.ActiveCfg = Release|Any CPU
		{ADF235AC-A253-430D-B311-56D46157E3CF}.Release|Any CPU.Build.0 = Release|Any CPU
		{ADF235AC-A253-430D-B311-56D46157E3CF}.Release|x64.ActiveCfg = Release|x64
		{ADF235AC-A253-430D-B311-56D46157E3CF}.Release|x64.Build.0 = Release|x64
		{ADF235AC-A253-430D-B311-56D46157E3CF}.Release|x86.ActiveCfg = Release|x86
		{ADF235AC-A253-430D-B311-56D46157E3CF}.Release|x86.Build.0 = Release|x86
	EndGlobalSection
	GlobalSection(SolutionProperties) = preSolution
		HideSolutionNode = FALSE
	EndGlobalSection
EndGlobal
